
Microsoft Visual Studio Solution File, Format Version 12.00
# Visual Studio 2013
VisualStudioVersion = 12.0.31101.0
MinimumVisualStudioVersion = 10.0.40219.1
Project("{FAE04EC0-301F-11D3-BF4B-00C04F79EFBC}") = "gplus-quickstart-xamarin", "gplus-quickstart-xamarin\gplus-quickstart-xamarin.csproj", "{539D795F-F44D-41F4-9F1E-B49E4ACBC241}"
EndProject
Global
	GlobalSection(SolutionConfigurationPlatforms) = preSolution
		Debug|Any CPU = Debug|Any CPU
		Release|Any CPU = Release|Any CPU
	EndGlobalSection
	GlobalSection(ProjectConfigurationPlatforms) = postSolution
		{539D795F-F44D-41F4-9F1E-B49E4ACBC241}.Debug|Any CPU.ActiveCfg = Debug|Any CPU
		{539D795F-F44D-41F4-9F1E-B49E4ACBC241}.Debug|Any CPU.Build.0 = Debug|Any CPU
		{539D795F-F44D-41F4-9F1E-B49E4ACBC241}.Debug|Any CPU.Deploy.0 = Debug|Any CPU
		{539D795F-F44D-41F4-9F1E-B49E4ACBC241}.Release|Any CPU.ActiveCfg = Release|Any CPU
		{539D795F-F44D-41F4-9F1E-B49E4ACBC241}.Release|Any CPU.Build.0 = Release|Any CPU
	EndGlobalSection
	GlobalSection(SolutionProperties) = preSolution
		HideSolutionNode = FALSE
	EndGlobalSection
	GlobalSection(MonoDevelopProperties) = preSolution
		StartupItem = gplus-quickstart-xamarin\gplus-quickstart-xamarin.csproj
	EndGlobalSection
EndGlobal
